
Microsoft Visual Studio Solution File, Format Version 12.00
# Visual Studio Version 16
VisualStudioVersion = 16.0.31025.194
MinimumVisualStudioVersion = 10.0.40219.1
Project("{9A19103F-16F7-4668-BE54-9A1E7A4F7556}") = "SGVIAJES.WEB", "SGVIAJES.WEB\SGVIAJES.WEB.csproj", "{D9C0FB7A-96CA-4259-8AC2-8E8F10E62285}"
EndProject
Project("{FAE04EC0-301F-11D3-BF4B-00C04F79EFBC}") = "SGVIAJES.DATA", "SGVIAJES.DATA\SGVIAJES.DATA.csproj", "{D883FEFE-9ECA-49E8-87E0-27B8E7205492}"
EndProject
Global
	GlobalSection(SolutionConfigurationPlatforms) = preSolution
		Debug|Any CPU = Debug|Any CPU
		Release|Any CPU = Release|Any CPU
	EndGlobalSection
	GlobalSection(ProjectConfigurationPlatforms) = postSolution
		{D9C0FB7A-96CA-4259-8AC2-8E8F10E62285}.Debug|Any CPU.ActiveCfg = Debug|Any CPU
		{D9C0FB7A-96CA-4259-8AC2-8E8F10E62285}.Debug|Any CPU.Build.0 = Debug|Any CPU
		{D9C0FB7A-96CA-4259-8AC2-8E8F10E62285}.Release|Any CPU.ActiveCfg = Release|Any CPU
		{D9C0FB7A-96CA-4259-8AC2-8E8F10E62285}.Release|Any CPU.Build.0 = Release|Any CPU
		{D883FEFE-9ECA-49E8-87E0-27B8E7205492}.Debug|Any CPU.ActiveCfg = Debug|Any CPU
		{D883FEFE-9ECA-49E8-87E0-27B8E7205492}.Debug|Any CPU.Build.0 = Debug|Any CPU
		{D883FEFE-9ECA-49E8-87E0-27B8E7205492}.Release|Any CPU.ActiveCfg = Release|Any CPU
		{D883FEFE-9ECA-49E8-87E0-27B8E7205492}.Release|Any CPU.Build.0 = Release|Any CPU
	EndGlobalSection
	GlobalSection(SolutionProperties) = preSolution
		HideSolutionNode = FALSE
	EndGlobalSection
	GlobalSection(ExtensibilityGlobals) = postSolution
		SolutionGuid = {59FC9C48-8014-433A-856F-D54D7CE0F480}
	EndGlobalSection
EndGlobal
